
Microsoft Visual Studio Solution File, Format Version 12.00
# Visual Studio Version 17
VisualStudioVersion = 17.9.34622.214
MinimumVisualStudioVersion = 10.0.40219.1
Project("{2150E333-8FDC-42A3-9474-1A3956D46DE8}") = "Core", "Core", "{9548F5EC-41AA-4417-8AB9-3B49002651E7}"
EndProject
Project("{2150E333-8FDC-42A3-9474-1A3956D46DE8}") = "Frontends", "Frontends", "{67C8A488-DB64-4DDD-AB80-E59063C7B0C1}"
EndProject
Project("{2150E333-8FDC-42A3-9474-1A3956D46DE8}") = "Infrastructure", "Infrastructure", "{73911273-981F-4609-A804-6626874325D6}"
EndProject
Project("{2150E333-8FDC-42A3-9474-1A3956D46DE8}") = "Presentation", "Presentation", "{D8F9A273-5825-4E68-BA18-13867F2F7D3B}"
EndProject
Project("{2150E333-8FDC-42A3-9474-1A3956D46DE8}") = "Requirements", "Requirements", "{04EFF982-DFDB-408A-BA71-B2F2FEA2B212}"
EndProject
Project("{FAE04EC0-301F-11D3-BF4B-00C04F79EFBC}") = "MovieApi.Domain", "Core\MovieApi.Domain\MovieApi.Domain.csproj", "{CD064785-3DEA-4855-8385-5B20E8F418FE}"
EndProject
Project("{FAE04EC0-301F-11D3-BF4B-00C04F79EFBC}") = "MovieApi.Persistence", "Infrastructure\MovieApi.Persistence\MovieApi.Persistence.csproj", "{E55ADE5A-C92D-40B3-9CB3-C048EBC201EF}"
EndProject
Project("{FAE04EC0-301F-11D3-BF4B-00C04F79EFBC}") = "MovieApi.WebApi", "Presentation\MovieApi.WebApi\MovieApi.WebApi.csproj", "{D990EA96-3949-4AB9-9EB5-053C0ABF0998}"
EndProject
Project("{FAE04EC0-301F-11D3-BF4B-00C04F79EFBC}") = "MovieApi.Application", "MovieApi.Application\MovieApi.Application.csproj", "{F4A6634C-F02C-4C73-A938-1F120A320504}"
EndProject
Project("{FAE04EC0-301F-11D3-BF4B-00C04F79EFBC}") = "MovieApi.WebUI", "Frontends\MovieApi.WebUI\MovieApi.WebUI.csproj", "{EA4C578A-DD0F-4D5B-BE4D-D8DFE14A9A6D}"
EndProject
Project("{FAE04EC0-301F-11D3-BF4B-00C04F79EFBC}") = "MovieApi.Dto", "Fronteds\MovieApi.Dto\MovieApi.Dto.csproj", "{AD2FE1A1-2B8D-44FA-82F7-24A69F9B2EBD}"
EndProject
Global
	GlobalSection(SolutionConfigurationPlatforms) = preSolution
		Debug|Any CPU = Debug|Any CPU
		Release|Any CPU = Release|Any CPU
	EndGlobalSection
	GlobalSection(ProjectConfigurationPlatforms) = postSolution
		{CD064785-3DEA-4855-8385-5B20E8F418FE}.Debug|Any CPU.ActiveCfg = Debug|Any CPU
		{CD064785-3DEA-4855-8385-5B20E8F418FE}.Debug|Any CPU.Build.0 = Debug|Any CPU
		{CD064785-3DEA-4855-8385-5B20E8F418FE}.Release|Any CPU.ActiveCfg = Release|Any CPU
		{CD064785-3DEA-4855-8385-5B20E8F418FE}.Release|Any CPU.Build.0 = Release|Any CPU
		{E55ADE5A-C92D-40B3-9CB3-C048EBC201EF}.Debug|Any CPU.ActiveCfg = Debug|Any CPU
		{E55ADE5A-C92D-40B3-9CB3-C048EBC201EF}.Debug|Any CPU.Build.0 = Debug|Any CPU
		{E55ADE5A-C92D-40B3-9CB3-C048EBC201EF}.Release|Any CPU.ActiveCfg = Release|Any CPU
		{E55ADE5A-C92D-40B3-9CB3-C048EBC201EF}.Release|Any CPU.Build.0 = Release|Any CPU
		{D990EA96-3949-4AB9-9EB5-053C0ABF0998}.Debug|Any CPU.ActiveCfg = Debug|Any CPU
		{D990EA96-3949-4AB9-9EB5-053C0ABF0998}.Debug|Any CPU.Build.0 = Debug|Any CPU
		{D990EA96-3949-4AB9-9EB5-053C0ABF0998}.Release|Any CPU.ActiveCfg = Release|Any CPU
		{D990EA96-3949-4AB9-9EB5-053C0ABF0998}.Release|Any CPU.Build.0 = Release|Any CPU
		{F4A6634C-F02C-4C73-A938-1F120A320504}.Debug|Any CPU.ActiveCfg = Debug|Any CPU
		{F4A6634C-F02C-4C73-A938-1F120A320504}.Debug|Any CPU.Build.0 = Debug|Any CPU
		{F4A6634C-F02C-4C73-A938-1F120A320504}.Release|Any CPU.ActiveCfg = Release|Any CPU
		{F4A6634C-F02C-4C73-A938-1F120A320504}.Release|Any CPU.Build.0 = Release|Any CPU
		{EA4C578A-DD0F-4D5B-BE4D-D8DFE14A9A6D}.Debug|Any CPU.ActiveCfg = Debug|Any CPU
		{EA4C578A-DD0F-4D5B-BE4D-D8DFE14A9A6D}.Debug|Any CPU.Build.0 = Debug|Any CPU
		{EA4C578A-DD0F-4D5B-BE4D-D8DFE14A9A6D}.Release|Any CPU.ActiveCfg = Release|Any CPU
		{EA4C578A-DD0F-4D5B-BE4D-D8DFE14A9A6D}.Release|Any CPU.Build.0 = Release|Any CPU
		{AD2FE1A1-2B8D-44FA-82F7-24A69F9B2EBD}.Debug|Any CPU.ActiveCfg = Debug|Any CPU
		{AD2FE1A1-2B8D-44FA-82F7-24A69F9B2EBD}.Debug|Any CPU.Build.0 = Debug|Any CPU
		{AD2FE1A1-2B8D-44FA-82F7-24A69F9B2EBD}.Release|Any CPU.ActiveCfg = Release|Any CPU
		{AD2FE1A1-2B8D-44FA-82F7-24A69F9B2EBD}.Release|Any CPU.Build.0 = Release|Any CPU
	EndGlobalSection
	GlobalSection(SolutionProperties) = preSolution
		HideSolutionNode = FALSE
	EndGlobalSection
	GlobalSection(NestedProjects) = preSolution
		{CD064785-3DEA-4855-8385-5B20E8F418FE} = {9548F5EC-41AA-4417-8AB9-3B49002651E7}
		{E55ADE5A-C92D-40B3-9CB3-C048EBC201EF} = {73911273-981F-4609-A804-6626874325D6}
		{D990EA96-3949-4AB9-9EB5-053C0ABF0998} = {D8F9A273-5825-4E68-BA18-13867F2F7D3B}
		{F4A6634C-F02C-4C73-A938-1F120A320504} = {9548F5EC-41AA-4417-8AB9-3B49002651E7}
		{EA4C578A-DD0F-4D5B-BE4D-D8DFE14A9A6D} = {67C8A488-DB64-4DDD-AB80-E59063C7B0C1}
		{AD2FE1A1-2B8D-44FA-82F7-24A69F9B2EBD} = {67C8A488-DB64-4DDD-AB80-E59063C7B0C1}
	EndGlobalSection
	GlobalSection(ExtensibilityGlobals) = postSolution
		SolutionGuid = {2E382133-3BA9-4C93-A388-03154DC03091}
	EndGlobalSection
EndGlobal
